
Microsoft Visual Studio Solution File, Format Version 12.00
# Visual Studio Version 17
VisualStudioVersion = 17.9.34728.123
MinimumVisualStudioVersion = 10.0.40219.1
Project("{FAE04EC0-301F-11D3-BF4B-00C04F79EFBC}") = "Varadhi", "Varadhi.csproj", "{DDC20576-7EFE-4881-A979-A1750C097658}"
EndProject
Global
	GlobalSection(SolutionConfigurationPlatforms) = preSolution
		Debug|Any CPU = Debug|Any CPU
		Release|Any CPU = Release|Any CPU
	EndGlobalSection
	GlobalSection(ProjectConfigurationPlatforms) = postSolution
		{DDC20576-7EFE-4881-A979-A1750C097658}.Debug|Any CPU.ActiveCfg = Debug|Any CPU
		{DDC20576-7EFE-4881-A979-A1750C097658}.Debug|Any CPU.Build.0 = Debug|Any CPU
		{DDC20576-7EFE-4881-A979-A1750C097658}.Release|Any CPU.ActiveCfg = Release|Any CPU
		{DDC20576-7EFE-4881-A979-A1750C097658}.Release|Any CPU.Build.0 = Release|Any CPU
	EndGlobalSection
	GlobalSection(SolutionProperties) = preSolution
		HideSolutionNode = FALSE
	EndGlobalSection
	GlobalSection(ExtensibilityGlobals) = postSolution
		SolutionGuid = {CCCEA8DC-D335-4741-BDF9-7390EEE85475}
	EndGlobalSection
EndGlobal
